
Microsoft Visual Studio Solution File, Format Version 12.00
# Visual Studio Version 17
VisualStudioVersion = 17.0.32126.317
MinimumVisualStudioVersion = 10.0.40219.1
Project("{FAE04EC0-301F-11D3-BF4B-00C04F79EFBC}") = "InterfaceDemo", "InterfaceDemo.csproj", "{D731A3B6-DCFC-4EF2-9D74-1E9D1E09F651}"
EndProject
Global
	GlobalSection(SolutionConfigurationPlatforms) = preSolution
		Debug|Any CPU = Debug|Any CPU
		Release|Any CPU = Release|Any CPU
	EndGlobalSection
	GlobalSection(ProjectConfigurationPlatforms) = postSolution
		{D731A3B6-DCFC-4EF2-9D74-1E9D1E09F651}.Debug|Any CPU.ActiveCfg = Debug|Any CPU
		{D731A3B6-DCFC-4EF2-9D74-1E9D1E09F651}.Debug|Any CPU.Build.0 = Debug|Any CPU
		{D731A3B6-DCFC-4EF2-9D74-1E9D1E09F651}.Release|Any CPU.ActiveCfg = Release|Any CPU
		{D731A3B6-DCFC-4EF2-9D74-1E9D1E09F651}.Release|Any CPU.Build.0 = Release|Any CPU
	EndGlobalSection
	GlobalSection(SolutionProperties) = preSolution
		HideSolutionNode = FALSE
	EndGlobalSection
	GlobalSection(ExtensibilityGlobals) = postSolution
		SolutionGuid = {E139222D-4E93-4330-BDDD-51A27A58B613}
	EndGlobalSection
EndGlobal
